
Microsoft Visual Studio Solution File, Format Version 12.00
# Visual Studio Version 17
VisualStudioVersion = 17.0.31903.59
MinimumVisualStudioVersion = 10.0.40219.1
Project("{2150E333-8FDC-42A3-9474-1A3956D46DE8}") = "src", "src", "{F7CE93FC-3B77-407E-867B-FBFCC00E0C47}"
EndProject
Project("{9A19103F-16F7-4668-BE54-9A1E7A4F7556}") = "BikeService.Application", "src\Application\BikeService.Application.csproj", "{3960C259-17B3-4795-9B4D-3BBBBFD75E21}"
EndProject
Project("{9A19103F-16F7-4668-BE54-9A1E7A4F7556}") = "BikeService.Domain", "src\Domain\BikeService.Domain.csproj", "{343C7902-4DAB-4AFE-AA29-E4694A0DE916}"
EndProject
Project("{9A19103F-16F7-4668-BE54-9A1E7A4F7556}") = "BikeService.Migrations.Sqlite", "src\Migrations.Sqlite\BikeService.Migrations.Sqlite.csproj", "{02CD6BC0-B4DB-4962-AC17-E699FE9FC889}"
EndProject
Project("{9A19103F-16F7-4668-BE54-9A1E7A4F7556}") = "BikeService.Migrations.Postgres", "src\Migrations.Postgres\BikeService.Migrations.Postgres.csproj", "{8D191CCC-5F34-4B3C-BFC1-3F8AA2397B1B}"
EndProject
Project("{9A19103F-16F7-4668-BE54-9A1E7A4F7556}") = "BikeService.Infrastructure", "src\Infrastructure\BikeService.Infrastructure.csproj", "{AC930FA5-63B3-4C6C-82ED-4083922A662A}"
EndProject
Project("{9A19103F-16F7-4668-BE54-9A1E7A4F7556}") = "BikeService.Server", "src\Server\BikeService.Server.csproj", "{2D4C523E-E35E-4CB6-8BA3-4086CD08F55E}"
EndProject
Project("{2150E333-8FDC-42A3-9474-1A3956D46DE8}") = "tests", "tests", "{B5A41C7A-255C-4794-A2A4-0505C7207852}"
EndProject
Project("{9A19103F-16F7-4668-BE54-9A1E7A4F7556}") = "BikeService.Domain.Tests", "tests\Domain.Tests\BikeService.Domain.Tests.csproj", "{EDEFB1C6-3E2C-4E86-BC3D-EA34D2B79287}"
EndProject
Project("{9A19103F-16F7-4668-BE54-9A1E7A4F7556}") = "BikeService.Application.Tests", "tests\Application.Tests\BikeService.Application.Tests.csproj", "{E5B007DE-5498-4334-8EF1-D91FFE0C4A6B}"
EndProject
Project("{2150E333-8FDC-42A3-9474-1A3956D46DE8}") = "Solution Items", "Solution Items", "{02554581-DA2D-42BE-957F-209FE6D6029F}"
	ProjectSection(SolutionItems) = preProject
		.gitignore = .gitignore
		docker-compose.yml = docker-compose.yml
		Dockerfile = Dockerfile
		Makefile = Makefile
		README.md = README.md
	EndProjectSection
EndProject
Project("{FAE04EC0-301F-11D3-BF4B-00C04F79EFBC}") = "BikeService.EventBus", "src\EventBus\BikeService.EventBus.csproj", "{202F2EEE-32FE-4A39-9A73-ACD4C1CE0FF5}"
EndProject
Global
	GlobalSection(SolutionConfigurationPlatforms) = preSolution
		Debug|Any CPU = Debug|Any CPU
		Release|Any CPU = Release|Any CPU
	EndGlobalSection
	GlobalSection(ProjectConfigurationPlatforms) = postSolution
		{3960C259-17B3-4795-9B4D-3BBBBFD75E21}.Debug|Any CPU.ActiveCfg = Debug|Any CPU
		{3960C259-17B3-4795-9B4D-3BBBBFD75E21}.Debug|Any CPU.Build.0 = Debug|Any CPU
		{3960C259-17B3-4795-9B4D-3BBBBFD75E21}.Release|Any CPU.ActiveCfg = Release|Any CPU
		{3960C259-17B3-4795-9B4D-3BBBBFD75E21}.Release|Any CPU.Build.0 = Release|Any CPU
		{343C7902-4DAB-4AFE-AA29-E4694A0DE916}.Debug|Any CPU.ActiveCfg = Debug|Any CPU
		{343C7902-4DAB-4AFE-AA29-E4694A0DE916}.Debug|Any CPU.Build.0 = Debug|Any CPU
		{343C7902-4DAB-4AFE-AA29-E4694A0DE916}.Release|Any CPU.ActiveCfg = Release|Any CPU
		{343C7902-4DAB-4AFE-AA29-E4694A0DE916}.Release|Any CPU.Build.0 = Release|Any CPU
		{02CD6BC0-B4DB-4962-AC17-E699FE9FC889}.Debug|Any CPU.ActiveCfg = Debug|Any CPU
		{02CD6BC0-B4DB-4962-AC17-E699FE9FC889}.Debug|Any CPU.Build.0 = Debug|Any CPU
		{02CD6BC0-B4DB-4962-AC17-E699FE9FC889}.Release|Any CPU.ActiveCfg = Release|Any CPU
		{02CD6BC0-B4DB-4962-AC17-E699FE9FC889}.Release|Any CPU.Build.0 = Release|Any CPU
		{8D191CCC-5F34-4B3C-BFC1-3F8AA2397B1B}.Debug|Any CPU.ActiveCfg = Debug|Any CPU
		{8D191CCC-5F34-4B3C-BFC1-3F8AA2397B1B}.Debug|Any CPU.Build.0 = Debug|Any CPU
		{8D191CCC-5F34-4B3C-BFC1-3F8AA2397B1B}.Release|Any CPU.ActiveCfg = Release|Any CPU
		{8D191CCC-5F34-4B3C-BFC1-3F8AA2397B1B}.Release|Any CPU.Build.0 = Release|Any CPU
		{AC930FA5-63B3-4C6C-82ED-4083922A662A}.Debug|Any CPU.ActiveCfg = Debug|Any CPU
		{AC930FA5-63B3-4C6C-82ED-4083922A662A}.Debug|Any CPU.Build.0 = Debug|Any CPU
		{AC930FA5-63B3-4C6C-82ED-4083922A662A}.Release|Any CPU.ActiveCfg = Release|Any CPU
		{AC930FA5-63B3-4C6C-82ED-4083922A662A}.Release|Any CPU.Build.0 = Release|Any CPU
		{2D4C523E-E35E-4CB6-8BA3-4086CD08F55E}.Debug|Any CPU.ActiveCfg = Debug|Any CPU
		{2D4C523E-E35E-4CB6-8BA3-4086CD08F55E}.Debug|Any CPU.Build.0 = Debug|Any CPU
		{2D4C523E-E35E-4CB6-8BA3-4086CD08F55E}.Release|Any CPU.ActiveCfg = Release|Any CPU
		{2D4C523E-E35E-4CB6-8BA3-4086CD08F55E}.Release|Any CPU.Build.0 = Release|Any CPU
		{EDEFB1C6-3E2C-4E86-BC3D-EA34D2B79287}.Debug|Any CPU.ActiveCfg = Debug|Any CPU
		{EDEFB1C6-3E2C-4E86-BC3D-EA34D2B79287}.Debug|Any CPU.Build.0 = Debug|Any CPU
		{EDEFB1C6-3E2C-4E86-BC3D-EA34D2B79287}.Release|Any CPU.ActiveCfg = Release|Any CPU
		{EDEFB1C6-3E2C-4E86-BC3D-EA34D2B79287}.Release|Any CPU.Build.0 = Release|Any CPU
		{E5B007DE-5498-4334-8EF1-D91FFE0C4A6B}.Debug|Any CPU.ActiveCfg = Debug|Any CPU
		{E5B007DE-5498-4334-8EF1-D91FFE0C4A6B}.Debug|Any CPU.Build.0 = Debug|Any CPU
		{E5B007DE-5498-4334-8EF1-D91FFE0C4A6B}.Release|Any CPU.ActiveCfg = Release|Any CPU
		{E5B007DE-5498-4334-8EF1-D91FFE0C4A6B}.Release|Any CPU.Build.0 = Release|Any CPU
		{202F2EEE-32FE-4A39-9A73-ACD4C1CE0FF5}.Debug|Any CPU.ActiveCfg = Debug|Any CPU
		{202F2EEE-32FE-4A39-9A73-ACD4C1CE0FF5}.Debug|Any CPU.Build.0 = Debug|Any CPU
		{202F2EEE-32FE-4A39-9A73-ACD4C1CE0FF5}.Release|Any CPU.ActiveCfg = Release|Any CPU
		{202F2EEE-32FE-4A39-9A73-ACD4C1CE0FF5}.Release|Any CPU.Build.0 = Release|Any CPU
	EndGlobalSection
	GlobalSection(SolutionProperties) = preSolution
		HideSolutionNode = FALSE
	EndGlobalSection
	GlobalSection(NestedProjects) = preSolution
		{3960C259-17B3-4795-9B4D-3BBBBFD75E21} = {F7CE93FC-3B77-407E-867B-FBFCC00E0C47}
		{343C7902-4DAB-4AFE-AA29-E4694A0DE916} = {F7CE93FC-3B77-407E-867B-FBFCC00E0C47}
		{02CD6BC0-B4DB-4962-AC17-E699FE9FC889} = {F7CE93FC-3B77-407E-867B-FBFCC00E0C47}
		{8D191CCC-5F34-4B3C-BFC1-3F8AA2397B1B} = {F7CE93FC-3B77-407E-867B-FBFCC00E0C47}
		{AC930FA5-63B3-4C6C-82ED-4083922A662A} = {F7CE93FC-3B77-407E-867B-FBFCC00E0C47}
		{2D4C523E-E35E-4CB6-8BA3-4086CD08F55E} = {F7CE93FC-3B77-407E-867B-FBFCC00E0C47}
		{EDEFB1C6-3E2C-4E86-BC3D-EA34D2B79287} = {B5A41C7A-255C-4794-A2A4-0505C7207852}
		{E5B007DE-5498-4334-8EF1-D91FFE0C4A6B} = {B5A41C7A-255C-4794-A2A4-0505C7207852}
		{202F2EEE-32FE-4A39-9A73-ACD4C1CE0FF5} = {F7CE93FC-3B77-407E-867B-FBFCC00E0C47}
	EndGlobalSection
EndGlobal
