
Microsoft Visual Studio Solution File, Format Version 12.00
# Visual Studio Version 16
VisualStudioVersion = 16.0.30114.105
MinimumVisualStudioVersion = 10.0.40219.1
Project("{FAE04EC0-301F-11D3-BF4B-00C04F79EFBC}") = "BikeHistory", "BikeHistory\BikeHistory.csproj", "{245B5884-80EF-4E7E-8B08-61EABD48F0D0}"
EndProject
Project("{FAE04EC0-301F-11D3-BF4B-00C04F79EFBC}") = "BikeHistory.Tests", "BikeHistory.Tests\BikeHistory.Tests.csproj", "{13B87D87-F5F1-4549-970E-C1021FE37EE5}"
EndProject
Global
	GlobalSection(SolutionConfigurationPlatforms) = preSolution
		Debug|Any CPU = Debug|Any CPU
		Release|Any CPU = Release|Any CPU
	EndGlobalSection
	GlobalSection(SolutionProperties) = preSolution
		HideSolutionNode = FALSE
	EndGlobalSection
	GlobalSection(ProjectConfigurationPlatforms) = postSolution
		{245B5884-80EF-4E7E-8B08-61EABD48F0D0}.Debug|Any CPU.ActiveCfg = Debug|Any CPU
		{245B5884-80EF-4E7E-8B08-61EABD48F0D0}.Debug|Any CPU.Build.0 = Debug|Any CPU
		{245B5884-80EF-4E7E-8B08-61EABD48F0D0}.Release|Any CPU.ActiveCfg = Release|Any CPU
		{245B5884-80EF-4E7E-8B08-61EABD48F0D0}.Release|Any CPU.Build.0 = Release|Any CPU
		{13B87D87-F5F1-4549-970E-C1021FE37EE5}.Debug|Any CPU.ActiveCfg = Debug|Any CPU
		{13B87D87-F5F1-4549-970E-C1021FE37EE5}.Debug|Any CPU.Build.0 = Debug|Any CPU
		{13B87D87-F5F1-4549-970E-C1021FE37EE5}.Release|Any CPU.ActiveCfg = Release|Any CPU
		{13B87D87-F5F1-4549-970E-C1021FE37EE5}.Release|Any CPU.Build.0 = Release|Any CPU
	EndGlobalSection
EndGlobal
